
Microsoft Visual Studio Solution File, Format Version 12.00
# Visual Studio 15
VisualStudioVersion = 15.0.28307.421
MinimumVisualStudioVersion = 10.0.40219.1
Project("{8BC9CEB8-8B4A-11D0-8D11-00A0C91BC942}") = "Example", "Example.vcxproj", "{00508D49-07A6-4D1B-97F2-CF566626AFC2}"
EndProject
Global
	GlobalSection(SolutionConfigurationPlatforms) = preSolution
		Debug|x64 = Debug|x64
		Debug|x86 = Debug|x86
		Release|x64 = Release|x64
		Release|x86 = Release|x86
	EndGlobalSection
	GlobalSection(ProjectConfigurationPlatforms) = postSolution
		{00508D49-07A6-4D1B-97F2-CF566626AFC2}.Debug|x64.ActiveCfg = Debug|x64
		{00508D49-07A6-4D1B-97F2-CF566626AFC2}.Debug|x64.Build.0 = Debug|x64
		{00508D49-07A6-4D1B-97F2-CF566626AFC2}.Debug|x86.ActiveCfg = Debug|Win32
		{00508D49-07A6-4D1B-97F2-CF566626AFC2}.Debug|x86.Build.0 = Debug|Win32
		{00508D49-07A6-4D1B-97F2-CF566626AFC2}.Release|x64.ActiveCfg = Release|x64
		{00508D49-07A6-4D1B-97F2-CF566626AFC2}.Release|x64.Build.0 = Release|x64
		{00508D49-07A6-4D1B-97F2-CF566626AFC2}.Release|x86.ActiveCfg = Release|Win32
		{00508D49-07A6-4D1B-97F2-CF566626AFC2}.Release|x86.Build.0 = Release|Win32
	EndGlobalSection
	GlobalSection(SolutionProperties) = preSolution
		HideSolutionNode = FALSE
	EndGlobalSection
	GlobalSection(ExtensibilityGlobals) = postSolution
		SolutionGuid = {32330DC7-4F02-4271-82C7-53D1F6E85B57}
	EndGlobalSection
EndGlobal
